
Microsoft Visual Studio Solution File, Format Version 12.00
# Visual Studio Version 17
VisualStudioVersion = 17.8.34525.116
MinimumVisualStudioVersion = 10.0.40219.1
Project("{FAE04EC0-301F-11D3-BF4B-00C04F79EFBC}") = "EntityFramworkLab2", "EntityFramworkLab2\EntityFramworkLab2.csproj", "{D3C91620-687A-4EFC-AE40-057C8978B53F}"
EndProject
Global
	GlobalSection(SolutionConfigurationPlatforms) = preSolution
		Debug|Any CPU = Debug|Any CPU
		Release|Any CPU = Release|Any CPU
	EndGlobalSection
	GlobalSection(ProjectConfigurationPlatforms) = postSolution
		{D3C91620-687A-4EFC-AE40-057C8978B53F}.Debug|Any CPU.ActiveCfg = Debug|Any CPU
		{D3C91620-687A-4EFC-AE40-057C8978B53F}.Debug|Any CPU.Build.0 = Debug|Any CPU
		{D3C91620-687A-4EFC-AE40-057C8978B53F}.Release|Any CPU.ActiveCfg = Release|Any CPU
		{D3C91620-687A-4EFC-AE40-057C8978B53F}.Release|Any CPU.Build.0 = Release|Any CPU
	EndGlobalSection
	GlobalSection(SolutionProperties) = preSolution
		HideSolutionNode = FALSE
	EndGlobalSection
	GlobalSection(ExtensibilityGlobals) = postSolution
		SolutionGuid = {285F7BCF-5F74-4C04-BC6F-6B711ADBCBC6}
	EndGlobalSection
EndGlobal
